<?xml version="1.0" encoding="utf-8"?>
<Project ToolsVersion="4.0" xmlns="http://schemas.microsoft.com/developer/msbuild/2003">
  <ItemGroup>
    <Filter Include="Source Files">
      <UniqueIdentifier>{4FC737F1-C7A5-4376-A066-2A32D752A2FF}</UniqueIdentifier>
      <Extensions>cpp;c;cc;cxx;def;odl;idl;hpj;bat;asm;asmx</Extensions>
    </Filter>
    <Filter Include="Header Files">
      <UniqueIdentifier>{93995380-89BD-4b04-88EB-625FBE52EBFB}</UniqueIdentifier>
      <Extensions>h;hh;hpp;hxx;hm;inl;inc;xsd</Extensions>
    </Filter>
    <Filter Include="Resource Files">
      <UniqueIdentifier>{67DA6AB6-F800-4c08-8B7A-83BB121AAD01}</UniqueIdentifier>
      <Extensions>rc;ico;cur;bmp;dlg;rc2;rct;bin;rgs;gif;jpg;jpeg;jpe;resx;tiff;tif;png;wav;mfcribbon-ms</Extensions>
    </Filter>
  </ItemGroup>
  <ItemGroup>
    <Text Include="ReadMe.txt" />
  </ItemGroup>
  <ItemGroup>
    <ClInclude Include="stdafx.h">
      <Filter>Header Files</Filter>
    </ClInclude>
    <ClInclude Include="targetver.h">
      <Filter>Header Files</Filter>
    </ClInclude>
    <ClInclude Include="DebugDate.h">
      <Filter>Header Files</Filter>
    </ClInclude>
    <ClInclude Include="Subject.h">
      <Filter>Header Files</Filter>
    </ClInclude>
    <ClInclude Include="Observer.h">
      <Filter>Header Files</Filter>
    </ClInclude>
    <ClInclude Include="DebugItem.h">
      <Filter>Header Files</Filter>
    </ClInclude>
    <ClInclude Include="DebugBook.h">
      <Filter>Header Files</Filter>
    </ClInclude>
    <ClInclude Include="DebugMedia.h">
      <Filter>Header Files</Filter>
    </ClInclude>
    <ClInclude Include="DebugPatron.h">
      <Filter>Header Files</Filter>
    </ClInclude>
    <ClInclude Include="DebugAdult.h">
      <Filter>Header Files</Filter>
    </ClInclude>
    <ClInclude Include="DebugChild.h">
      <Filter>Header Files</Filter>
    </ClInclude>
    <ClInclude Include="DebugLibrary.h">
      <Filter>Header Files</Filter>
    </ClInclude>
    <ClInclude Include="DebugAdultBook.h">
      <Filter>Header Files</Filter>
    </ClInclude>
    <ClInclude Include="DebugChildBook.h">
      <Filter>Header Files</Filter>
    </ClInclude>
    <ClInclude Include="DebugDVD.h">
      <Filter>Header Files</Filter>
    </ClInclude>
    <ClInclude Include="DebugVHS.h">
      <Filter>Header Files</Filter>
    </ClInclude>
  </ItemGroup>
  <ItemGroup>
    <ClCompile Include="stdafx.cpp">
      <Filter>Source Files</Filter>
    </ClCompile>
    <ClCompile Include="Library_Debug.cpp">
      <Filter>Source Files</Filter>
    </ClCompile>
    <ClCompile Include="DebugDate.cpp">
      <Filter>Source Files</Filter>
    </ClCompile>
    <ClCompile Include="DebugItem.cpp">
      <Filter>Source Files</Filter>
    </ClCompile>
    <ClCompile Include="DebugBook.cpp">
      <Filter>Source Files</Filter>
    </ClCompile>
    <ClCompile Include="DebugMedia.cpp">
      <Filter>Source Files</Filter>
    </ClCompile>
    <ClCompile Include="DebugPatron.cpp">
      <Filter>Source Files</Filter>
    </ClCompile>
    <ClCompile Include="DebugAdult.cpp">
      <Filter>Source Files</Filter>
    </ClCompile>
    <ClCompile Include="DebugChild.cpp">
      <Filter>Source Files</Filter>
    </ClCompile>
    <ClCompile Include="DebugLibrary.cpp">
      <Filter>Source Files</Filter>
    </ClCompile>
    <ClCompile Include="DebugAdultBook.cpp">
      <Filter>Source Files</Filter>
    </ClCompile>
    <ClCompile Include="DebugChildBook.cpp">
      <Filter>Source Files</Filter>
    </ClCompile>
    <ClCompile Include="DebugDVD.cpp">
      <Filter>Source Files</Filter>
    </ClCompile>
    <ClCompile Include="DebugVHS.cpp">
      <Filter>Source Files</Filter>
    </ClCompile>
  </ItemGroup>
</Project>